PODS:
  - Alamofire (4.8.2)
  - PodAsync (0.4.8):
    - Starscream
    - SwiftyJSON
  - PodChat (0.4.8.2):
    - Alamofire
    - PodAsync
  - Starscream (3.1.0)
  - SwiftyJSON (5.0.0)

DEPENDENCIES:
  - PodChat

SPEC REPOS:
  https://github.com/cocoapods/specs.git:
    - Alamofire
    - PodAsync
    - PodChat
    - Starscream
    - SwiftyJSON

SPEC CHECKSUMS:
  Alamofire: ae5c501addb7afdbb13687d7f2f722c78734c2d3
  PodAsync: 4d4e5bd4bec6a378d36506e962c7d025a8521c70
  PodChat: 2d3d1dedea2167d3bfca08a9852817e0297ec65d
  Starscream: 08172b481e145289c4930cb567230fb55897cfa4
  SwiftyJSON: 36413e04c44ee145039d332b4f4e2d3e8d6c4db7

PODFILE CHECKSUM: 9e66ad89360480ad26f9a7895a303308a86973c6

COCOAPODS: 1.6.2
