// !$*UTF8*$!
{
	archiveVersion = 1;
	classes = {
	};
	objectVersion = 50;
	objects = {

/* Begin PBXBuildFile section */
		3E6295612225778D002DB51C /* CreateThreadAutomation.swift in Sources */ = {isa = PBXBuildFile; fileRef = 3E6295602225778D002DB51C /* CreateThreadAutomation.swift */; };
		3E629565222577B2002DB51C /* BlockAutomation.swift in Sources */ = {isa = PBXBuildFile; fileRef = 3E629564222577B2002DB51C /* BlockAutomation.swift */; };
		3E629567222577CA002DB51C /* GetContactsAutomation.swift in Sources */ = {isa = PBXBuildFile; fileRef = 3E629566222577CA002DB51C /* GetContactsAutomation.swift */; };
		3E629569222577D9002DB51C /* AddContactAutomation.swift in Sources */ = {isa = PBXBuildFile; fileRef = 3E629568222577D9002DB51C /* AddContactAutomation.swift */; };
		3E62956B222577F1002DB51C /* RemoveContactAutomation.swift in Sources */ = {isa = PBXBuildFile; fileRef = 3E62956A222577F1002DB51C /* RemoveContactAutomation.swift */; };
		3E947249222674DF005D986E /* Faker.swift in Sources */ = {isa = PBXBuildFile; fileRef = 3E947248222674DF005D986E /* Faker.swift */; };
		3E9725AF222292210056AD4D /* Views.swift in Sources */ = {isa = PBXBuildFile; fileRef = 3E9725AE222292210056AD4D /* Views.swift */; };
		3E9725B32222925F0056AD4D /* ChatDelegates.swift in Sources */ = {isa = PBXBuildFile; fileRef = 3E9725B22222925F0056AD4D /* ChatDelegates.swift */; };
		3E9725B5222292C80056AD4D /* BaseCell.swift in Sources */ = {isa = PBXBuildFile; fileRef = 3E9725B4222292C80056AD4D /* BaseCell.swift */; };
		3EAE775322217AD4005AC3C3 /* AppDelegate.swift in Sources */ = {isa = PBXBuildFile; fileRef = 3EAE775222217AD4005AC3C3 /* AppDelegate.swift */; };
		3EAE775522217AD4005AC3C3 /* MyViewController.swift in Sources */ = {isa = PBXBuildFile; fileRef = 3EAE775422217AD4005AC3C3 /* MyViewController.swift */; };
		3EAE775A22217AD6005AC3C3 /* Assets.xcassets in Resources */ = {isa = PBXBuildFile; fileRef = 3EAE775922217AD6005AC3C3 /* Assets.xcassets */; };
		3EAE775D22217AD6005AC3C3 /* LaunchScreen.storyboard in Resources */ = {isa = PBXBuildFile; fileRef = 3EAE775B22217AD6005AC3C3 /* LaunchScreen.storyboard */; };
		3EAE779B22218ED9005AC3C3 /* FanapPodChatSDK.framework in Frameworks */ = {isa = PBXBuildFile; fileRef = 3EAE777D22218E79005AC3C3 /* FanapPodChatSDK.framework */; };
		3ED3DA80222E5E9A00261DB3 /* GetBlockedListAutomation.swift in Sources */ = {isa = PBXBuildFile; fileRef = 3ED3DA7F222E5E9A00261DB3 /* GetBlockedListAutomation.swift */; };
		3ED3DA84222E629D00261DB3 /* UnblockAutomation.swift in Sources */ = {isa = PBXBuildFile; fileRef = 3ED3DA83222E629D00261DB3 /* UnblockAutomation.swift */; };
		3ED3DA86222E748600261DB3 /* GetThreadAutomation.swift in Sources */ = {isa = PBXBuildFile; fileRef = 3ED3DA85222E748600261DB3 /* GetThreadAutomation.swift */; };
		3ED3DA88222E930600261DB3 /* SendTextMessageAutomation.swift in Sources */ = {isa = PBXBuildFile; fileRef = 3ED3DA87222E930600261DB3 /* SendTextMessageAutomation.swift */; };
/* End PBXBuildFile section */

/* Begin PBXContainerItemProxy section */
		3EAE777C22218E79005AC3C3 /* PBXContainerItemProxy */ = {
			isa = PBXContainerItemProxy;
			containerPortal = 3EAE777222218E79005AC3C3 /* FanapPodChatSDK.xcodeproj */;
			proxyType = 2;
			remoteGlobalIDString = 3EE025ED21206E63001810FB;
			remoteInfo = FanapPodChatSDK;
		};
		3EAE777E22218E79005AC3C3 /* PBXContainerItemProxy */ = {
			isa = PBXContainerItemProxy;
			containerPortal = 3EAE777222218E79005AC3C3 /* FanapPodChatSDK.xcodeproj */;
			proxyType = 2;
			remoteGlobalIDString = 3EE025F621206E63001810FB;
			remoteInfo = FanapPodChatSDKTests;
		};
/* End PBXContainerItemProxy section */

/* Begin PBXFileReference section */
		3E6295602225778D002DB51C /* CreateThreadAutomation.swift */ = {isa = PBXFileReference; lastKnownFileType = sourcecode.swift; path = CreateThreadAutomation.swift; sourceTree = "<group>"; };
		3E629564222577B2002DB51C /* BlockAutomation.swift */ = {isa = PBXFileReference; lastKnownFileType = sourcecode.swift; path = BlockAutomation.swift; sourceTree = "<group>"; };
		3E629566222577CA002DB51C /* GetContactsAutomation.swift */ = {isa = PBXFileReference; lastKnownFileType = sourcecode.swift; path = GetContactsAutomation.swift; sourceTree = "<group>"; };
		3E629568222577D9002DB51C /* AddContactAutomation.swift */ = {isa = PBXFileReference; lastKnownFileType = sourcecode.swift; path = AddContactAutomation.swift; sourceTree = "<group>"; };
		3E62956A222577F1002DB51C /* RemoveContactAutomation.swift */ = {isa = PBXFileReference; lastKnownFileType = sourcecode.swift; path = RemoveContactAutomation.swift; sourceTree = "<group>"; };
		3E947248222674DF005D986E /* Faker.swift */ = {isa = PBXFileReference; lastKnownFileType = sourcecode.swift; path = Faker.swift; sourceTree = "<group>"; };
		3E9725AE222292210056AD4D /* Views.swift */ = {isa = PBXFileReference; lastKnownFileType = sourcecode.swift; path = Views.swift; sourceTree = "<group>"; };
		3E9725B22222925F0056AD4D /* ChatDelegates.swift */ = {isa = PBXFileReference; lastKnownFileType = sourcecode.swift; path = ChatDelegates.swift; sourceTree = "<group>"; };
		3E9725B4222292C80056AD4D /* BaseCell.swift */ = {isa = PBXFileReference; lastKnownFileType = sourcecode.swift; path = BaseCell.swift; sourceTree = "<group>"; };
		3EAE774F22217AD4005AC3C3 /* ChatAutomationTestApp.app */ = {isa = PBXFileReference; explicitFileType = wrapper.application; includeInIndex = 0; path = ChatAutomationTestApp.app; sourceTree = BUILT_PRODUCTS_DIR; };
		3EAE775222217AD4005AC3C3 /* AppDelegate.swift */ = {isa = PBXFileReference; lastKnownFileType = sourcecode.swift; path = AppDelegate.swift; sourceTree = "<group>"; };
		3EAE775422217AD4005AC3C3 /* MyViewController.swift */ = {isa = PBXFileReference; lastKnownFileType = sourcecode.swift; path = MyViewController.swift; sourceTree = "<group>"; };
		3EAE775922217AD6005AC3C3 /* Assets.xcassets */ = {isa = PBXFileReference; lastKnownFileType = folder.assetcatalog; path = Assets.xcassets; sourceTree = "<group>"; };
		3EAE775C22217AD6005AC3C3 /* Base */ = {isa = PBXFileReference; lastKnownFileType = file.storyboard; name = Base; path = Base.lproj/LaunchScreen.storyboard; sourceTree = "<group>"; };
		3EAE775E22217AD6005AC3C3 /* Info.plist */ = {isa = PBXFileReference; lastKnownFileType = text.plist.xml; path = Info.plist; sourceTree = "<group>"; };
		3EAE777222218E79005AC3C3 /* FanapPodChatSDK.xcodeproj */ = {isa = PBXFileReference; lastKnownFileType = "wrapper.pb-project"; name = FanapPodChatSDK.xcodeproj; path = "../../../Xcode Projects/Pod-Chat-iOS-SDK/Pod-Chat-iOS-SDK/FanapPodChatSDK.xcodeproj"; sourceTree = "<group>"; };
		3ED3DA7F222E5E9A00261DB3 /* GetBlockedListAutomation.swift */ = {isa = PBXFileReference; lastKnownFileType = sourcecode.swift; path = GetBlockedListAutomation.swift; sourceTree = "<group>"; };
		3ED3DA83222E629D00261DB3 /* UnblockAutomation.swift */ = {isa = PBXFileReference; lastKnownFileType = sourcecode.swift; path = UnblockAutomation.swift; sourceTree = "<group>"; };
		3ED3DA85222E748600261DB3 /* GetThreadAutomation.swift */ = {isa = PBXFileReference; lastKnownFileType = sourcecode.swift; path = GetThreadAutomation.swift; sourceTree = "<group>"; };
		3ED3DA87222E930600261DB3 /* SendTextMessageAutomation.swift */ = {isa = PBXFileReference; lastKnownFileType = sourcecode.swift; path = SendTextMessageAutomation.swift; sourceTree = "<group>"; };
/* End PBXFileReference section */

/* Begin PBXFrameworksBuildPhase section */
		3EAE774C22217AD4005AC3C3 /* Frameworks */ = {
			isa = PBXFrameworksBuildPhase;
			buildActionMask = 2147483647;
			files = (
				3EAE779B22218ED9005AC3C3 /* FanapPodChatSDK.framework in Frameworks */,
			);
			runOnlyForDeploymentPostprocessing = 0;
		};
/* End PBXFrameworksBuildPhase section */

/* Begin PBXGroup section */
		3E94724C22267C1D005D986E /* Automation */ = {
			isa = PBXGroup;
			children = (
				3E94724D22267C43005D986E /* Contacts */,
				3E94724E22267C5C005D986E /* Threads */,
				3E94724F22267C6A005D986E /* Messages */,
				3E94725022267C78005D986E /* Maps */,
				3E94725122267CA5005D986E /* Files */,
			);
			path = Automation;
			sourceTree = "<group>";
		};
		3E94724D22267C43005D986E /* Contacts */ = {
			isa = PBXGroup;
			children = (
				3E629564222577B2002DB51C /* BlockAutomation.swift */,
				3E629566222577CA002DB51C /* GetContactsAutomation.swift */,
				3E629568222577D9002DB51C /* AddContactAutomation.swift */,
				3E62956A222577F1002DB51C /* RemoveContactAutomation.swift */,
				3ED3DA7F222E5E9A00261DB3 /* GetBlockedListAutomation.swift */,
				3ED3DA83222E629D00261DB3 /* UnblockAutomation.swift */,
			);
			path = Contacts;
			sourceTree = "<group>";
		};
		3E94724E22267C5C005D986E /* Threads */ = {
			isa = PBXGroup;
			children = (
				3E6295602225778D002DB51C /* CreateThreadAutomation.swift */,
				3ED3DA85222E748600261DB3 /* GetThreadAutomation.swift */,
			);
			path = Threads;
			sourceTree = "<group>";
		};
		3E94724F22267C6A005D986E /* Messages */ = {
			isa = PBXGroup;
			children = (
				3ED3DA87222E930600261DB3 /* SendTextMessageAutomation.swift */,
			);
			path = Messages;
			sourceTree = "<group>";
		};
		3E94725022267C78005D986E /* Maps */ = {
			isa = PBXGroup;
			children = (
			);
			path = Maps;
			sourceTree = "<group>";
		};
		3E94725122267CA5005D986E /* Files */ = {
			isa = PBXGroup;
			children = (
			);
			path = Files;
			sourceTree = "<group>";
		};
		3EAE774622217AD4005AC3C3 = {
			isa = PBXGroup;
			children = (
				3EAE775122217AD4005AC3C3 /* ChatAutomationTestApp */,
				3EAE775022217AD4005AC3C3 /* Products */,
				3EAE777222218E79005AC3C3 /* FanapPodChatSDK.xcodeproj */,
				3EAE779922218ED4005AC3C3 /* Frameworks */,
			);
			sourceTree = "<group>";
		};
		3EAE775022217AD4005AC3C3 /* Products */ = {
			isa = PBXGroup;
			children = (
				3EAE774F22217AD4005AC3C3 /* ChatAutomationTestApp.app */,
			);
			name = Products;
			sourceTree = "<group>";
		};
		3EAE775122217AD4005AC3C3 /* ChatAutomationTestApp */ = {
			isa = PBXGroup;
			children = (
				3EAE775222217AD4005AC3C3 /* AppDelegate.swift */,
				3EAE775422217AD4005AC3C3 /* MyViewController.swift */,
				3E94724C22267C1D005D986E /* Automation */,
				3E947248222674DF005D986E /* Faker.swift */,
				3E9725B22222925F0056AD4D /* ChatDelegates.swift */,
				3E9725AE222292210056AD4D /* Views.swift */,
				3E9725B4222292C80056AD4D /* BaseCell.swift */,
				3EAE775922217AD6005AC3C3 /* Assets.xcassets */,
				3EAE775B22217AD6005AC3C3 /* LaunchScreen.storyboard */,
				3EAE775E22217AD6005AC3C3 /* Info.plist */,
			);
			path = ChatAutomationTestApp;
			sourceTree = "<group>";
		};
		3EAE777322218E79005AC3C3 /* Products */ = {
			isa = PBXGroup;
			children = (
				3EAE777D22218E79005AC3C3 /* FanapPodChatSDK.framework */,
				3EAE777F22218E79005AC3C3 /* FanapPodChatSDKTests.xctest */,
			);
			name = Products;
			sourceTree = "<group>";
		};
		3EAE779922218ED4005AC3C3 /* Frameworks */ = {
			isa = PBXGroup;
			children = (
			);
			name = Frameworks;
			sourceTree = "<group>";
		};
/* End PBXGroup section */

/* Begin PBXNativeTarget section */
		3EAE774E22217AD4005AC3C3 /* ChatAutomationTestApp */ = {
			isa = PBXNativeTarget;
			buildConfigurationList = 3EAE776122217AD6005AC3C3 /* Build configuration list for PBXNativeTarget "ChatAutomationTestApp" */;
			buildPhases = (
				3EAE774B22217AD4005AC3C3 /* Sources */,
				3EAE774C22217AD4005AC3C3 /* Frameworks */,
				3EAE774D22217AD4005AC3C3 /* Resources */,
			);
			buildRules = (
			);
			dependencies = (
			);
			name = ChatAutomationTestApp;
			productName = ChatAutomationTestApp;
			productReference = 3EAE774F22217AD4005AC3C3 /* ChatAutomationTestApp.app */;
			productType = "com.apple.product-type.application";
		};
/* End PBXNativeTarget section */

/* Begin PBXProject section */
		3EAE774722217AD4005AC3C3 /* Project object */ = {
			isa = PBXProject;
			attributes = {
				LastSwiftUpdateCheck = 1010;
				LastUpgradeCheck = 1010;
				ORGANIZATIONNAME = "Mahyar Zhiani";
				TargetAttributes = {
					3EAE774E22217AD4005AC3C3 = {
						CreatedOnToolsVersion = 10.1;
					};
				};
			};
			buildConfigurationList = 3EAE774A22217AD4005AC3C3 /* Build configuration list for PBXProject "ChatAutomationTestApp" */;
			compatibilityVersion = "Xcode 9.3";
			developmentRegion = en;
			hasScannedForEncodings = 0;
			knownRegions = (
				en,
				Base,
			);
			mainGroup = 3EAE774622217AD4005AC3C3;
			productRefGroup = 3EAE775022217AD4005AC3C3 /* Products */;
			projectDirPath = "";
			projectReferences = (
				{
					ProductGroup = 3EAE777322218E79005AC3C3 /* Products */;
					ProjectRef = 3EAE777222218E79005AC3C3 /* FanapPodChatSDK.xcodeproj */;
				},
			);
			projectRoot = "";
			targets = (
				3EAE774E22217AD4005AC3C3 /* ChatAutomationTestApp */,
			);
		};
/* End PBXProject section */

/* Begin PBXReferenceProxy section */
		3EAE777D22218E79005AC3C3 /* FanapPodChatSDK.framework */ = {
			isa = PBXReferenceProxy;
			fileType = wrapper.framework;
			path = FanapPodChatSDK.framework;
			remoteRef = 3EAE777C22218E79005AC3C3 /* PBXContainerItemProxy */;
			sourceTree = BUILT_PRODUCTS_DIR;
		};
		3EAE777F22218E79005AC3C3 /* FanapPodChatSDKTests.xctest */ = {
			isa = PBXReferenceProxy;
			fileType = wrapper.cfbundle;
			path = FanapPodChatSDKTests.xctest;
			remoteRef = 3EAE777E22218E79005AC3C3 /* PBXContainerItemProxy */;
			sourceTree = BUILT_PRODUCTS_DIR;
		};
/* End PBXReferenceProxy section */

/* Begin PBXResourcesBuildPhase section */
		3EAE774D22217AD4005AC3C3 /* Resources */ = {
			isa = PBXResourcesBuildPhase;
			buildActionMask = 2147483647;
			files = (
				3EAE775D22217AD6005AC3C3 /* LaunchScreen.storyboard in Resources */,
				3EAE775A22217AD6005AC3C3 /* Assets.xcassets in Resources */,
			);
			runOnlyForDeploymentPostprocessing = 0;
		};
/* End PBXResourcesBuildPhase section */

/* Begin PBXSourcesBuildPhase section */
		3EAE774B22217AD4005AC3C3 /* Sources */ = {
			isa = PBXSourcesBuildPhase;
			buildActionMask = 2147483647;
			files = (
				3E9725B32222925F0056AD4D /* ChatDelegates.swift in Sources */,
				3E62956B222577F1002DB51C /* RemoveContactAutomation.swift in Sources */,
				3EAE775522217AD4005AC3C3 /* MyViewController.swift in Sources */,
				3E629569222577D9002DB51C /* AddContactAutomation.swift in Sources */,
				3E6295612225778D002DB51C /* CreateThreadAutomation.swift in Sources */,
				3EAE775322217AD4005AC3C3 /* AppDelegate.swift in Sources */,
				3ED3DA80222E5E9A00261DB3 /* GetBlockedListAutomation.swift in Sources */,
				3E629565222577B2002DB51C /* BlockAutomation.swift in Sources */,
				3E947249222674DF005D986E /* Faker.swift in Sources */,
				3ED3DA86222E748600261DB3 /* GetThreadAutomation.swift in Sources */,
				3E9725B5222292C80056AD4D /* BaseCell.swift in Sources */,
				3ED3DA84222E629D00261DB3 /* UnblockAutomation.swift in Sources */,
				3ED3DA88222E930600261DB3 /* SendTextMessageAutomation.swift in Sources */,
				3E629567222577CA002DB51C /* GetContactsAutomation.swift in Sources */,
				3E9725AF222292210056AD4D /* Views.swift in Sources */,
			);
			runOnlyForDeploymentPostprocessing = 0;
		};
/* End PBXSourcesBuildPhase section */

/* Begin PBXVariantGroup section */
		3EAE775B22217AD6005AC3C3 /* LaunchScreen.storyboard */ = {
			isa = PBXVariantGroup;
			children = (
				3EAE775C22217AD6005AC3C3 /* Base */,
			);
			name = LaunchScreen.storyboard;
			sourceTree = "<group>";
		};
/* End PBXVariantGroup section */

/* Begin XCBuildConfiguration section */
		3EAE775F22217AD6005AC3C3 /* Debug */ = {
			isa = XCBuildConfiguration;
			buildSettings = {
				ALWAYS_SEARCH_USER_PATHS = NO;
				CLANG_ANALYZER_NONNULL = YES;
				CLANG_ANALYZER_NUMBER_OBJECT_CONVERSION = YES_AGGRESSIVE;
				CLANG_CXX_LANGUAGE_STANDARD = "gnu++14";
				CLANG_CXX_LIBRARY = "libc++";
				CLANG_ENABLE_MODULES = YES;
				CLANG_ENABLE_OBJC_ARC = YES;
				CLANG_ENABLE_OBJC_WEAK = YES;
				CLANG_WARN_BLOCK_CAPTURE_AUTORELEASING = YES;
				CLANG_WARN_BOOL_CONVERSION = YES;
				CLANG_WARN_COMMA = YES;
				CLANG_WARN_CONSTANT_CONVERSION = YES;
				CLANG_WARN_DEPRECATED_OBJC_IMPLEMENTATIONS = YES;
				CLANG_WARN_DIRECT_OBJC_ISA_USAGE = YES_ERROR;
				CLANG_WARN_DOCUMENTATION_COMMENTS = YES;
				CLANG_WARN_EMPTY_BODY = YES;
				CLANG_WARN_ENUM_CONVERSION = YES;
				CLANG_WARN_INFINITE_RECURSION = YES;
				CLANG_WARN_INT_CONVERSION = YES;
				CLANG_WARN_NON_LITERAL_NULL_CONVERSION = YES;
				CLANG_WARN_OBJC_IMPLICIT_RETAIN_SELF = YES;
				CLANG_WARN_OBJC_LITERAL_CONVERSION = YES;
				CLANG_WARN_OBJC_ROOT_CLASS = YES_ERROR;
				CLANG_WARN_RANGE_LOOP_ANALYSIS = YES;
				CLANG_WARN_STRICT_PROTOTYPES = YES;
				CLANG_WARN_SUSPICIOUS_MOVE = YES;
				CLANG_WARN_UNGUARDED_AVAILABILITY = YES_AGGRESSIVE;
				CLANG_WARN_UNREACHABLE_CODE = YES;
				CLANG_WARN__DUPLICATE_METHOD_MATCH = YES;
				CODE_SIGN_IDENTITY = "iPhone Developer";
				COPY_PHASE_STRIP = NO;
				DEBUG_INFORMATION_FORMAT = dwarf;
				ENABLE_STRICT_OBJC_MSGSEND = YES;
				ENABLE_TESTABILITY = YES;
				GCC_C_LANGUAGE_STANDARD = gnu11;
				GCC_DYNAMIC_NO_PIC = NO;
				GCC_NO_COMMON_BLOCKS = YES;
				GCC_OPTIMIZATION_LEVEL = 0;
				GCC_PREPROCESSOR_DEFINITIONS = (
					"DEBUG=1",
					"$(inherited)",
				);
				GCC_WARN_64_TO_32_BIT_CONVERSION = YES;
				GCC_WARN_ABOUT_RETURN_TYPE = YES_ERROR;
				GCC_WARN_UNDECLARED_SELECTOR = YES;
				GCC_WARN_UNINITIALIZED_AUTOS = YES_AGGRESSIVE;
				GCC_WARN_UNUSED_FUNCTION = YES;
				GCC_WARN_UNUSED_VARIABLE = YES;
				IPHONEOS_DEPLOYMENT_TARGET = 12.1;
				MTL_ENABLE_DEBUG_INFO = INCLUDE_SOURCE;
				MTL_FAST_MATH = YES;
				ONLY_ACTIVE_ARCH = YES;
				SDKROOT = iphoneos;
				SWIFT_ACTIVE_COMPILATION_CONDITIONS = DEBUG;
				SWIFT_OPTIMIZATION_LEVEL = "-Onone";
			};
			name = Debug;
		};
		3EAE776022217AD6005AC3C3 /* Release */ = {
			isa = XCBuildConfiguration;
			buildSettings = {
				ALWAYS_SEARCH_USER_PATHS = NO;
				CLANG_ANALYZER_NONNULL = YES;
				CLANG_ANALYZER_NUMBER_OBJECT_CONVERSION = YES_AGGRESSIVE;
				CLANG_CXX_LANGUAGE_STANDARD = "gnu++14";
				CLANG_CXX_LIBRARY = "libc++";
				CLANG_ENABLE_MODULES = YES;
				CLANG_ENABLE_OBJC_ARC = YES;
				CLANG_ENABLE_OBJC_WEAK = YES;
				CLANG_WARN_BLOCK_CAPTURE_AUTORELEASING = YES;
				CLANG_WARN_BOOL_CONVERSION = YES;
				CLANG_WARN_COMMA = YES;
				CLANG_WARN_CONSTANT_CONVERSION = YES;
				CLANG_WARN_DEPRECATED_OBJC_IMPLEMENTATIONS = YES;
				CLANG_WARN_DIRECT_OBJC_ISA_USAGE = YES_ERROR;
				CLANG_WARN_DOCUMENTATION_COMMENTS = YES;
				CLANG_WARN_EMPTY_BODY = YES;
				CLANG_WARN_ENUM_CONVERSION = YES;
				CLANG_WARN_INFINITE_RECURSION = YES;
				CLANG_WARN_INT_CONVERSION = YES;
				CLANG_WARN_NON_LITERAL_NULL_CONVERSION = YES;
				CLANG_WARN_OBJC_IMPLICIT_RETAIN_SELF = YES;
				CLANG_WARN_OBJC_LITERAL_CONVERSION = YES;
				CLANG_WARN_OBJC_ROOT_CLASS = YES_ERROR;
				CLANG_WARN_RANGE_LOOP_ANALYSIS = YES;
				CLANG_WARN_STRICT_PROTOTYPES = YES;
				CLANG_WARN_SUSPICIOUS_MOVE = YES;
				CLANG_WARN_UNGUARDED_AVAILABILITY = YES_AGGRESSIVE;
				CLANG_WARN_UNREACHABLE_CODE = YES;
				CLANG_WARN__DUPLICATE_METHOD_MATCH = YES;
				CODE_SIGN_IDENTITY = "iPhone Developer";
				COPY_PHASE_STRIP = NO;
				DEBUG_INFORMATION_FORMAT = "dwarf-with-dsym";
				ENABLE_NS_ASSERTIONS = NO;
				ENABLE_STRICT_OBJC_MSGSEND = YES;
				GCC_C_LANGUAGE_STANDARD = gnu11;
				GCC_NO_COMMON_BLOCKS = YES;
				GCC_WARN_64_TO_32_BIT_CONVERSION = YES;
				GCC_WARN_ABOUT_RETURN_TYPE = YES_ERROR;
				GCC_WARN_UNDECLARED_SELECTOR = YES;
				GCC_WARN_UNINITIALIZED_AUTOS = YES_AGGRESSIVE;
				GCC_WARN_UNUSED_FUNCTION = YES;
				GCC_WARN_UNUSED_VARIABLE = YES;
				IPHONEOS_DEPLOYMENT_TARGET = 12.1;
				MTL_ENABLE_DEBUG_INFO = NO;
				MTL_FAST_MATH = YES;
				SDKROOT = iphoneos;
				SWIFT_COMPILATION_MODE = wholemodule;
				SWIFT_OPTIMIZATION_LEVEL = "-O";
				VALIDATE_PRODUCT = YES;
			};
			name = Release;
		};
		3EAE776222217AD6005AC3C3 /* Debug */ = {
			isa = XCBuildConfiguration;
			buildSettings = {
				ASSETCATALOG_COMPILER_APPICON_NAME = AppIcon;
				CODE_SIGN_IDENTITY = "iPhone Distribution";
				CODE_SIGN_INJECT_BASE_ENTITLEMENTS = YES;
				CODE_SIGN_STYLE = Manual;
				DEVELOPMENT_TEAM = 87Y6C8NVU7;
				INFOPLIST_FILE = ChatAutomationTestApp/Info.plist;
				IPHONEOS_DEPLOYMENT_TARGET = 11.2;
				LD_RUNPATH_SEARCH_PATHS = (
					"$(inherited)",
					"@executable_path/Frameworks",
				);
				PRODUCT_BUNDLE_IDENTIFIER = com.fanapSoft.ChatAutomationTestApplication;
				PRODUCT_NAME = "$(TARGET_NAME)";
				PROVISIONING_PROFILE_SPECIFIER = ChatAutomation.AdHoc;
				SWIFT_VERSION = 4.2;
				TARGETED_DEVICE_FAMILY = "1,2";
			};
			name = Debug;
		};
		3EAE776322217AD6005AC3C3 /* Release */ = {
			isa = XCBuildConfiguration;
			buildSettings = {
				ASSETCATALOG_COMPILER_APPICON_NAME = AppIcon;
				CODE_SIGN_IDENTITY = "iPhone Distribution";
				CODE_SIGN_INJECT_BASE_ENTITLEMENTS = YES;
				CODE_SIGN_STYLE = Manual;
				DEVELOPMENT_TEAM = 87Y6C8NVU7;
				INFOPLIST_FILE = ChatAutomationTestApp/Info.plist;
				IPHONEOS_DEPLOYMENT_TARGET = 11.2;
				LD_RUNPATH_SEARCH_PATHS = (
					"$(inherited)",
					"@executable_path/Frameworks",
				);
				PRODUCT_BUNDLE_IDENTIFIER = com.fanapSoft.ChatAutomationTestApplication;
				PRODUCT_NAME = "$(TARGET_NAME)";
				PROVISIONING_PROFILE_SPECIFIER = ChatAutomation.AdHoc;
				SWIFT_VERSION = 4.2;
				TARGETED_DEVICE_FAMILY = "1,2";
			};
			name = Release;
		};
/* End XCBuildConfiguration section */

/* Begin XCConfigurationList section */
		3EAE774A22217AD4005AC3C3 /* Build configuration list for PBXProject "ChatAutomationTestApp" */ = {
			isa = XCConfigurationList;
			buildConfigurations = (
				3EAE775F22217AD6005AC3C3 /* Debug */,
				3EAE776022217AD6005AC3C3 /* Release */,
			);
			defaultConfigurationIsVisible = 0;
			defaultConfigurationName = Release;
		};
		3EAE776122217AD6005AC3C3 /* Build configuration list for PBXNativeTarget "ChatAutomationTestApp" */ = {
			isa = XCConfigurationList;
			buildConfigurations = (
				3EAE776222217AD6005AC3C3 /* Debug */,
				3EAE776322217AD6005AC3C3 /* Release */,
			);
			defaultConfigurationIsVisible = 0;
			defaultConfigurationName = Release;
		};
/* End XCConfigurationList section */
	};
	rootObject = 3EAE774722217AD4005AC3C3 /* Project object */;
}
