// !$*UTF8*$!
{
	archiveVersion = 1;
	classes = {
	};
	objectVersion = 50;
	objects = {

/* Begin PBXBuildFile section */
		3E1C3584225B600C001A343B /* GetHistoryAutomation.swift in Sources */ = {isa = PBXBuildFile; fileRef = 3E1C3583225B600C001A343B /* GetHistoryAutomation.swift */; };
		3E2A62DC2287F60B002FB5D7 /* UploadFileAutomation.swift in Sources */ = {isa = PBXBuildFile; fileRef = 3E2A62DB2287F60B002FB5D7 /* UploadFileAutomation.swift */; };
		3E2A62E422880833002FB5D7 /* UploadImageAutomation.swift in Sources */ = {isa = PBXBuildFile; fileRef = 3E2A62E322880833002FB5D7 /* UploadImageAutomation.swift */; };
		3E5EEDF52286B4210026DB58 /* SearchContactAutomation.swift in Sources */ = {isa = PBXBuildFile; fileRef = 3E5EEDF42286B4210026DB58 /* SearchContactAutomation.swift */; };
		3E5EEDF92286C2FC0026DB58 /* LeaveThreadAutomation.swift in Sources */ = {isa = PBXBuildFile; fileRef = 3E5EEDF82286C2FC0026DB58 /* LeaveThreadAutomation.swift */; };
		3E5EEDFD2286C8A70026DB58 /* MuteThreadAutomation.swift in Sources */ = {isa = PBXBuildFile; fileRef = 3E5EEDFC2286C8A70026DB58 /* MuteThreadAutomation.swift */; };
		3E5EEDFF2286CA870026DB58 /* UnmuteThreadAutomation.swift in Sources */ = {isa = PBXBuildFile; fileRef = 3E5EEDFE2286CA870026DB58 /* UnmuteThreadAutomation.swift */; };
		3E5EEE012286F4630026DB58 /* SpamThreadAutomation.swift in Sources */ = {isa = PBXBuildFile; fileRef = 3E5EEE002286F4630026DB58 /* SpamThreadAutomation.swift */; };
		3E5EEE032286FD3F0026DB58 /* RemoveParticipantAutomation.swift in Sources */ = {isa = PBXBuildFile; fileRef = 3E5EEE022286FD3F0026DB58 /* RemoveParticipantAutomation.swift */; };
		3E6295612225778D002DB51C /* CreateThreadAutomation.swift in Sources */ = {isa = PBXBuildFile; fileRef = 3E6295602225778D002DB51C /* CreateThreadAutomation.swift */; };
		3E629565222577B2002DB51C /* BlockAutomation.swift in Sources */ = {isa = PBXBuildFile; fileRef = 3E629564222577B2002DB51C /* BlockAutomation.swift */; };
		3E629567222577CA002DB51C /* GetContactsAutomation.swift in Sources */ = {isa = PBXBuildFile; fileRef = 3E629566222577CA002DB51C /* GetContactsAutomation.swift */; };
		3E629569222577D9002DB51C /* AddContactAutomation.swift in Sources */ = {isa = PBXBuildFile; fileRef = 3E629568222577D9002DB51C /* AddContactAutomation.swift */; };
		3E62956B222577F1002DB51C /* RemoveContactAutomation.swift in Sources */ = {isa = PBXBuildFile; fileRef = 3E62956A222577F1002DB51C /* RemoveContactAutomation.swift */; };
		3E659B8D2299204C0042B03B /* GetAdminAutomation.swift in Sources */ = {isa = PBXBuildFile; fileRef = 3E659B8C2299204C0042B03B /* GetAdminAutomation.swift */; };
		3E8D1483225C594C001C0AE6 /* ReplyMessageAutomation.swift in Sources */ = {isa = PBXBuildFile; fileRef = 3E8D1482225C594C001C0AE6 /* ReplyMessageAutomation.swift */; };
		3E8D1487225C595F001C0AE6 /* ForwardMessageAutomation.swift in Sources */ = {isa = PBXBuildFile; fileRef = 3E8D1486225C595F001C0AE6 /* ForwardMessageAutomation.swift */; };
		3E8D1489225C7AE2001C0AE6 /* EditMessageAutomation.swift in Sources */ = {isa = PBXBuildFile; fileRef = 3E8D1488225C7AE2001C0AE6 /* EditMessageAutomation.swift */; };
		3E8D148B225C7CFF001C0AE6 /* DeleteMessageAutomation.swift in Sources */ = {isa = PBXBuildFile; fileRef = 3E8D148A225C7CFF001C0AE6 /* DeleteMessageAutomation.swift */; };
		3E8D148D225CAB63001C0AE6 /* UpdateContactAutomation.swift in Sources */ = {isa = PBXBuildFile; fileRef = 3E8D148C225CAB63001C0AE6 /* UpdateContactAutomation.swift */; };
		3E8E923E22A3FCE00037CD41 /* RemoveAdminAutomation.swift in Sources */ = {isa = PBXBuildFile; fileRef = 3E8E923D22A3FCE00037CD41 /* RemoveAdminAutomation.swift */; };
		3E947249222674DF005D986E /* Faker.swift in Sources */ = {isa = PBXBuildFile; fileRef = 3E947248222674DF005D986E /* Faker.swift */; };
		3E9725AF222292210056AD4D /* Views.swift in Sources */ = {isa = PBXBuildFile; fileRef = 3E9725AE222292210056AD4D /* Views.swift */; };
		3E9725B32222925F0056AD4D /* ChatDelegates.swift in Sources */ = {isa = PBXBuildFile; fileRef = 3E9725B22222925F0056AD4D /* ChatDelegates.swift */; };
		3E9725B5222292C80056AD4D /* BaseCells.swift in Sources */ = {isa = PBXBuildFile; fileRef = 3E9725B4222292C80056AD4D /* BaseCells.swift */; };
		3EA5259822A27DD1004ABE11 /* AddAdminAutomation.swift in Sources */ = {isa = PBXBuildFile; fileRef = 3EA5259722A27DD1004ABE11 /* AddAdminAutomation.swift */; };
		3EADF7CB228BCF53009B102C /* MessageDeliveryListAutomation.swift in Sources */ = {isa = PBXBuildFile; fileRef = 3EADF7CA228BCF53009B102C /* MessageDeliveryListAutomation.swift */; };
		3EADF7CF228BD15E009B102C /* MessageSeenListAutomation.swift in Sources */ = {isa = PBXBuildFile; fileRef = 3EADF7CE228BD15E009B102C /* MessageSeenListAutomation.swift */; };
		3EAE775322217AD4005AC3C3 /* AppDelegate.swift in Sources */ = {isa = PBXBuildFile; fileRef = 3EAE775222217AD4005AC3C3 /* AppDelegate.swift */; };
		3EAE775522217AD4005AC3C3 /* MyChatViewController.swift in Sources */ = {isa = PBXBuildFile; fileRef = 3EAE775422217AD4005AC3C3 /* MyChatViewController.swift */; };
		3EAE775A22217AD6005AC3C3 /* Assets.xcassets in Resources */ = {isa = PBXBuildFile; fileRef = 3EAE775922217AD6005AC3C3 /* Assets.xcassets */; };
		3EAE775D22217AD6005AC3C3 /* LaunchScreen.storyboard in Resources */ = {isa = PBXBuildFile; fileRef = 3EAE775B22217AD6005AC3C3 /* LaunchScreen.storyboard */; };
		3EBAFA792289975900D9F653 /* ClearHistoryAutomation.swift in Sources */ = {isa = PBXBuildFile; fileRef = 3EBAFA782289975900D9F653 /* ClearHistoryAutomation.swift */; };
		3ECC15762282F870003B8240 /* CreateThreadWithMessageAutomation.swift in Sources */ = {isa = PBXBuildFile; fileRef = 3ECC15752282F870003B8240 /* CreateThreadWithMessageAutomation.swift */; };
		3ED224FE2295389400E51B42 /* FanapPodChatSDK.framework in Frameworks */ = {isa = PBXBuildFile; fileRef = 3ED224FB2295387000E51B42 /* FanapPodChatSDK.framework */; };
		3ED22518229538B100E51B42 /* Alamofire.framework in Frameworks */ = {isa = PBXBuildFile; fileRef = 3ED2250B229538AA00E51B42 /* Alamofire.framework */; };
		3ED3DA80222E5E9A00261DB3 /* GetBlockedListAutomation.swift in Sources */ = {isa = PBXBuildFile; fileRef = 3ED3DA7F222E5E9A00261DB3 /* GetBlockedListAutomation.swift */; };
		3ED3DA84222E629D00261DB3 /* UnblockAutomation.swift in Sources */ = {isa = PBXBuildFile; fileRef = 3ED3DA83222E629D00261DB3 /* UnblockAutomation.swift */; };
		3ED3DA86222E748600261DB3 /* GetThreadAutomation.swift in Sources */ = {isa = PBXBuildFile; fileRef = 3ED3DA85222E748600261DB3 /* GetThreadAutomation.swift */; };
		3ED3DA88222E930600261DB3 /* SendTextMessageAutomation.swift in Sources */ = {isa = PBXBuildFile; fileRef = 3ED3DA87222E930600261DB3 /* SendTextMessageAutomation.swift */; };
		3EE1047E227D736000A4E645 /* GetThreadParticipantsAutomation.swift in Sources */ = {isa = PBXBuildFile; fileRef = 3EE1047D227D736000A4E645 /* GetThreadParticipantsAutomation.swift */; };
		3EEB0814227EA277009DA162 /* AddParticipantAutomation.swift in Sources */ = {isa = PBXBuildFile; fileRef = 3EEB0813227EA277009DA162 /* AddParticipantAutomation.swift */; };
		3EEB0818227EC7B2009DA162 /* LoginViewController.swift in Sources */ = {isa = PBXBuildFile; fileRef = 3EEB0817227EC7B2009DA162 /* LoginViewController.swift */; };
		3EEB081A227EC7DD009DA162 /* Enums.swift in Sources */ = {isa = PBXBuildFile; fileRef = 3EEB0819227EC7DD009DA162 /* Enums.swift */; };
		3EEB081C227EC98C009DA162 /* GetTokenWithRefreshToken.swift in Sources */ = {isa = PBXBuildFile; fileRef = 3EEB081B227EC98C009DA162 /* GetTokenWithRefreshToken.swift */; };
/* End PBXBuildFile section */

/* Begin PBXContainerItemProxy section */
		3ED224FA2295387000E51B42 /* PBXContainerItemProxy */ = {
			isa = PBXContainerItemProxy;
			containerPortal = 3ED224F12295387000E51B42 /* FanapPodChatSDK.xcodeproj */;
			proxyType = 2;
			remoteGlobalIDString = 3EE025ED21206E63001810FB;
			remoteInfo = FanapPodChatSDK;
		};
		3ED224FC2295387000E51B42 /* PBXContainerItemProxy */ = {
			isa = PBXContainerItemProxy;
			containerPortal = 3ED224F12295387000E51B42 /* FanapPodChatSDK.xcodeproj */;
			proxyType = 2;
			remoteGlobalIDString = 3EE025F621206E63001810FB;
			remoteInfo = FanapPodChatSDKTests;
		};
		3ED2250A229538AA00E51B42 /* PBXContainerItemProxy */ = {
			isa = PBXContainerItemProxy;
			containerPortal = 3ED224FF229538AA00E51B42 /* Alamofire.xcodeproj */;
			proxyType = 2;
			remoteGlobalIDString = F8111E3319A95C8B0040E7D1;
			remoteInfo = "Alamofire iOS";
		};
		3ED2250C229538AA00E51B42 /* PBXContainerItemProxy */ = {
			isa = PBXContainerItemProxy;
			containerPortal = 3ED224FF229538AA00E51B42 /* Alamofire.xcodeproj */;
			proxyType = 2;
			remoteGlobalIDString = F8111E3E19A95C8B0040E7D1;
			remoteInfo = "Alamofire iOS Tests";
		};
		3ED2250E229538AA00E51B42 /* PBXContainerItemProxy */ = {
			isa = PBXContainerItemProxy;
			containerPortal = 3ED224FF229538AA00E51B42 /* Alamofire.xcodeproj */;
			proxyType = 2;
			remoteGlobalIDString = 4DD67C0B1A5C55C900ED2280;
			remoteInfo = "Alamofire macOS";
		};
		3ED22510229538AA00E51B42 /* PBXContainerItemProxy */ = {
			isa = PBXContainerItemProxy;
			containerPortal = 3ED224FF229538AA00E51B42 /* Alamofire.xcodeproj */;
			proxyType = 2;
			remoteGlobalIDString = F829C6B21A7A94F100A2CD59;
			remoteInfo = "Alamofire macOS Tests";
		};
		3ED22512229538AA00E51B42 /* PBXContainerItemProxy */ = {
			isa = PBXContainerItemProxy;
			containerPortal = 3ED224FF229538AA00E51B42 /* Alamofire.xcodeproj */;
			proxyType = 2;
			remoteGlobalIDString = 4CF626EF1BA7CB3E0011A099;
			remoteInfo = "Alamofire tvOS";
		};
		3ED22514229538AA00E51B42 /* PBXContainerItemProxy */ = {
			isa = PBXContainerItemProxy;
			containerPortal = 3ED224FF229538AA00E51B42 /* Alamofire.xcodeproj */;
			proxyType = 2;
			remoteGlobalIDString = 4CF626F81BA7CB3E0011A099;
			remoteInfo = "Alamofire tvOS Tests";
		};
		3ED22516229538AA00E51B42 /* PBXContainerItemProxy */ = {
			isa = PBXContainerItemProxy;
			containerPortal = 3ED224FF229538AA00E51B42 /* Alamofire.xcodeproj */;
			proxyType = 2;
			remoteGlobalIDString = E4202FE01B667AA100C997FB;
			remoteInfo = "Alamofire watchOS";
		};
/* End PBXContainerItemProxy section */

/* Begin PBXFileReference section */
		3E1C3583225B600C001A343B /* GetHistoryAutomation.swift */ = {isa = PBXFileReference; lastKnownFileType = sourcecode.swift; path = GetHistoryAutomation.swift; sourceTree = "<group>"; };
		3E2A62DB2287F60B002FB5D7 /* UploadFileAutomation.swift */ = {isa = PBXFileReference; lastKnownFileType = sourcecode.swift; path = UploadFileAutomation.swift; sourceTree = "<group>"; };
		3E2A62E322880833002FB5D7 /* UploadImageAutomation.swift */ = {isa = PBXFileReference; lastKnownFileType = sourcecode.swift; path = UploadImageAutomation.swift; sourceTree = "<group>"; };
		3E5EEDF42286B4210026DB58 /* SearchContactAutomation.swift */ = {isa = PBXFileReference; lastKnownFileType = sourcecode.swift; path = SearchContactAutomation.swift; sourceTree = "<group>"; };
		3E5EEDF82286C2FC0026DB58 /* LeaveThreadAutomation.swift */ = {isa = PBXFileReference; lastKnownFileType = sourcecode.swift; path = LeaveThreadAutomation.swift; sourceTree = "<group>"; };
		3E5EEDFC2286C8A70026DB58 /* MuteThreadAutomation.swift */ = {isa = PBXFileReference; lastKnownFileType = sourcecode.swift; path = MuteThreadAutomation.swift; sourceTree = "<group>"; };
		3E5EEDFE2286CA870026DB58 /* UnmuteThreadAutomation.swift */ = {isa = PBXFileReference; lastKnownFileType = sourcecode.swift; path = UnmuteThreadAutomation.swift; sourceTree = "<group>"; };
		3E5EEE002286F4630026DB58 /* SpamThreadAutomation.swift */ = {isa = PBXFileReference; lastKnownFileType = sourcecode.swift; path = SpamThreadAutomation.swift; sourceTree = "<group>"; };
		3E5EEE022286FD3F0026DB58 /* RemoveParticipantAutomation.swift */ = {isa = PBXFileReference; lastKnownFileType = sourcecode.swift; path = RemoveParticipantAutomation.swift; sourceTree = "<group>"; };
		3E6295602225778D002DB51C /* CreateThreadAutomation.swift */ = {isa = PBXFileReference; lastKnownFileType = sourcecode.swift; path = CreateThreadAutomation.swift; sourceTree = "<group>"; };
		3E629564222577B2002DB51C /* BlockAutomation.swift */ = {isa = PBXFileReference; lastKnownFileType = sourcecode.swift; path = BlockAutomation.swift; sourceTree = "<group>"; };
		3E629566222577CA002DB51C /* GetContactsAutomation.swift */ = {isa = PBXFileReference; lastKnownFileType = sourcecode.swift; path = GetContactsAutomation.swift; sourceTree = "<group>"; };
		3E629568222577D9002DB51C /* AddContactAutomation.swift */ = {isa = PBXFileReference; lastKnownFileType = sourcecode.swift; path = AddContactAutomation.swift; sourceTree = "<group>"; };
		3E62956A222577F1002DB51C /* RemoveContactAutomation.swift */ = {isa = PBXFileReference; lastKnownFileType = sourcecode.swift; path = RemoveContactAutomation.swift; sourceTree = "<group>"; };
		3E659B8C2299204C0042B03B /* GetAdminAutomation.swift */ = {isa = PBXFileReference; lastKnownFileType = sourcecode.swift; path = GetAdminAutomation.swift; sourceTree = "<group>"; };
		3E8D1482225C594C001C0AE6 /* ReplyMessageAutomation.swift */ = {isa = PBXFileReference; lastKnownFileType = sourcecode.swift; path = ReplyMessageAutomation.swift; sourceTree = "<group>"; };
		3E8D1486225C595F001C0AE6 /* ForwardMessageAutomation.swift */ = {isa = PBXFileReference; lastKnownFileType = sourcecode.swift; path = ForwardMessageAutomation.swift; sourceTree = "<group>"; };
		3E8D1488225C7AE2001C0AE6 /* EditMessageAutomation.swift */ = {isa = PBXFileReference; lastKnownFileType = sourcecode.swift; path = EditMessageAutomation.swift; sourceTree = "<group>"; };
		3E8D148A225C7CFF001C0AE6 /* DeleteMessageAutomation.swift */ = {isa = PBXFileReference; lastKnownFileType = sourcecode.swift; path = DeleteMessageAutomation.swift; sourceTree = "<group>"; };
		3E8D148C225CAB63001C0AE6 /* UpdateContactAutomation.swift */ = {isa = PBXFileReference; lastKnownFileType = sourcecode.swift; path = UpdateContactAutomation.swift; sourceTree = "<group>"; };
		3E8E923D22A3FCE00037CD41 /* RemoveAdminAutomation.swift */ = {isa = PBXFileReference; lastKnownFileType = sourcecode.swift; path = RemoveAdminAutomation.swift; sourceTree = "<group>"; };
		3E947248222674DF005D986E /* Faker.swift */ = {isa = PBXFileReference; lastKnownFileType = sourcecode.swift; path = Faker.swift; sourceTree = "<group>"; };
		3E9725AE222292210056AD4D /* Views.swift */ = {isa = PBXFileReference; lastKnownFileType = sourcecode.swift; path = Views.swift; sourceTree = "<group>"; };
		3E9725B22222925F0056AD4D /* ChatDelegates.swift */ = {isa = PBXFileReference; lastKnownFileType = sourcecode.swift; path = ChatDelegates.swift; sourceTree = "<group>"; };
		3E9725B4222292C80056AD4D /* BaseCells.swift */ = {isa = PBXFileReference; lastKnownFileType = sourcecode.swift; path = BaseCells.swift; sourceTree = "<group>"; };
		3EA5259722A27DD1004ABE11 /* AddAdminAutomation.swift */ = {isa = PBXFileReference; lastKnownFileType = sourcecode.swift; path = AddAdminAutomation.swift; sourceTree = "<group>"; };
		3EADF7CA228BCF53009B102C /* MessageDeliveryListAutomation.swift */ = {isa = PBXFileReference; lastKnownFileType = sourcecode.swift; path = MessageDeliveryListAutomation.swift; sourceTree = "<group>"; };
		3EADF7CE228BD15E009B102C /* MessageSeenListAutomation.swift */ = {isa = PBXFileReference; lastKnownFileType = sourcecode.swift; path = MessageSeenListAutomation.swift; sourceTree = "<group>"; };
		3EAE774F22217AD4005AC3C3 /* ChatAutomationTestApp.app */ = {isa = PBXFileReference; explicitFileType = wrapper.application; includeInIndex = 0; path = ChatAutomationTestApp.app; sourceTree = BUILT_PRODUCTS_DIR; };
		3EAE775222217AD4005AC3C3 /* AppDelegate.swift */ = {isa = PBXFileReference; lastKnownFileType = sourcecode.swift; path = AppDelegate.swift; sourceTree = "<group>"; };
		3EAE775422217AD4005AC3C3 /* MyChatViewController.swift */ = {isa = PBXFileReference; lastKnownFileType = sourcecode.swift; path = MyChatViewController.swift; sourceTree = "<group>"; };
		3EAE775922217AD6005AC3C3 /* Assets.xcassets */ = {isa = PBXFileReference; lastKnownFileType = folder.assetcatalog; path = Assets.xcassets; sourceTree = "<group>"; };
		3EAE775C22217AD6005AC3C3 /* Base */ = {isa = PBXFileReference; lastKnownFileType = file.storyboard; name = Base; path = Base.lproj/LaunchScreen.storyboard; sourceTree = "<group>"; };
		3EAE775E22217AD6005AC3C3 /* Info.plist */ = {isa = PBXFileReference; lastKnownFileType = text.plist.xml; path = Info.plist; sourceTree = "<group>"; };
		3EBAFA782289975900D9F653 /* ClearHistoryAutomation.swift */ = {isa = PBXFileReference; lastKnownFileType = sourcecode.swift; path = ClearHistoryAutomation.swift; sourceTree = "<group>"; };
		3ECC15752282F870003B8240 /* CreateThreadWithMessageAutomation.swift */ = {isa = PBXFileReference; lastKnownFileType = sourcecode.swift; path = CreateThreadWithMessageAutomation.swift; sourceTree = "<group>"; };
		3ED224F12295387000E51B42 /* FanapPodChatSDK.xcodeproj */ = {isa = PBXFileReference; lastKnownFileType = "wrapper.pb-project"; name = FanapPodChatSDK.xcodeproj; path = "../Pod-Chat-iOS-SDK/Pod-Chat-iOS-SDK/FanapPodChatSDK.xcodeproj"; sourceTree = "<group>"; };
		3ED224FF229538AA00E51B42 /* Alamofire.xcodeproj */ = {isa = PBXFileReference; lastKnownFileType = "wrapper.pb-project"; name = Alamofire.xcodeproj; path = "../Usefull Libraries/Alamofire-4.8.2/Alamofire.xcodeproj"; sourceTree = "<group>"; };
		3ED3DA7F222E5E9A00261DB3 /* GetBlockedListAutomation.swift */ = {isa = PBXFileReference; lastKnownFileType = sourcecode.swift; path = GetBlockedListAutomation.swift; sourceTree = "<group>"; };
		3ED3DA83222E629D00261DB3 /* UnblockAutomation.swift */ = {isa = PBXFileReference; lastKnownFileType = sourcecode.swift; path = UnblockAutomation.swift; sourceTree = "<group>"; };
		3ED3DA85222E748600261DB3 /* GetThreadAutomation.swift */ = {isa = PBXFileReference; lastKnownFileType = sourcecode.swift; path = GetThreadAutomation.swift; sourceTree = "<group>"; };
		3ED3DA87222E930600261DB3 /* SendTextMessageAutomation.swift */ = {isa = PBXFileReference; lastKnownFileType = sourcecode.swift; path = SendTextMessageAutomation.swift; sourceTree = "<group>"; };
		3EE1047D227D736000A4E645 /* GetThreadParticipantsAutomation.swift */ = {isa = PBXFileReference; lastKnownFileType = sourcecode.swift; path = GetThreadParticipantsAutomation.swift; sourceTree = "<group>"; };
		3EEB0813227EA277009DA162 /* AddParticipantAutomation.swift */ = {isa = PBXFileReference; lastKnownFileType = sourcecode.swift; path = AddParticipantAutomation.swift; sourceTree = "<group>"; };
		3EEB0817227EC7B2009DA162 /* LoginViewController.swift */ = {isa = PBXFileReference; lastKnownFileType = sourcecode.swift; path = LoginViewController.swift; sourceTree = "<group>"; };
		3EEB0819227EC7DD009DA162 /* Enums.swift */ = {isa = PBXFileReference; lastKnownFileType = sourcecode.swift; path = Enums.swift; sourceTree = "<group>"; };
		3EEB081B227EC98C009DA162 /* GetTokenWithRefreshToken.swift */ = {isa = PBXFileReference; lastKnownFileType = sourcecode.swift; path = GetTokenWithRefreshToken.swift; sourceTree = "<group>"; };
		7D9B1DE72E26A1CC32E80BE1 /* Pods-ChatAutomationTestApp.debug.xcconfig */ = {isa = PBXFileReference; includeInIndex = 1; lastKnownFileType = text.xcconfig; name = "Pods-ChatAutomationTestApp.debug.xcconfig"; path = "Target Support Files/Pods-ChatAutomationTestApp/Pods-ChatAutomationTestApp.debug.xcconfig"; sourceTree = "<group>"; };
		9B97C9F9D0C2ACD183166704 /* Pods_ChatAutomationTestApp.framework */ = {isa = PBXFileReference; explicitFileType = wrapper.framework; includeInIndex = 0; path = Pods_ChatAutomationTestApp.framework; sourceTree = BUILT_PRODUCTS_DIR; };
		E9522879ADCFD8CDE9A5ED37 /* Pods-ChatAutomationTestApp.release.xcconfig */ = {isa = PBXFileReference; includeInIndex = 1; lastKnownFileType = text.xcconfig; name = "Pods-ChatAutomationTestApp.release.xcconfig"; path = "Target Support Files/Pods-ChatAutomationTestApp/Pods-ChatAutomationTestApp.release.xcconfig"; sourceTree = "<group>"; };
/* End PBXFileReference section */

/* Begin PBXFrameworksBuildPhase section */
		3EAE774C22217AD4005AC3C3 /* Frameworks */ = {
			isa = PBXFrameworksBuildPhase;
			buildActionMask = 2147483647;
			files = (
				3ED22518229538B100E51B42 /* Alamofire.framework in Frameworks */,
				3ED224FE2295389400E51B42 /* FanapPodChatSDK.framework in Frameworks */,
			);
			runOnlyForDeploymentPostprocessing = 0;
		};
/* End PBXFrameworksBuildPhase section */

/* Begin PBXGroup section */
		00298887EFBDC7BD45FC467A /* Frameworks */ = {
			isa = PBXGroup;
			children = (
				9B97C9F9D0C2ACD183166704 /* Pods_ChatAutomationTestApp.framework */,
			);
			name = Frameworks;
			sourceTree = "<group>";
		};
		0CB402C4A12FF65E9126AFFF /* Pods */ = {
			isa = PBXGroup;
			children = (
				7D9B1DE72E26A1CC32E80BE1 /* Pods-ChatAutomationTestApp.debug.xcconfig */,
				E9522879ADCFD8CDE9A5ED37 /* Pods-ChatAutomationTestApp.release.xcconfig */,
			);
			path = Pods;
			sourceTree = "<group>";
		};
		3E94724C22267C1D005D986E /* Automation */ = {
			isa = PBXGroup;
			children = (
				3E94724D22267C43005D986E /* Contacts */,
				3E94724E22267C5C005D986E /* Threads */,
				3E94724F22267C6A005D986E /* Messages */,
				3E94725022267C78005D986E /* Maps */,
				3E94725122267CA5005D986E /* Files */,
			);
			path = Automation;
			sourceTree = "<group>";
		};
		3E94724D22267C43005D986E /* Contacts */ = {
			isa = PBXGroup;
			children = (
				3E629568222577D9002DB51C /* AddContactAutomation.swift */,
				3E629564222577B2002DB51C /* BlockAutomation.swift */,
				3ED3DA7F222E5E9A00261DB3 /* GetBlockedListAutomation.swift */,
				3E629566222577CA002DB51C /* GetContactsAutomation.swift */,
				3E62956A222577F1002DB51C /* RemoveContactAutomation.swift */,
				3E5EEDF42286B4210026DB58 /* SearchContactAutomation.swift */,
				3ED3DA83222E629D00261DB3 /* UnblockAutomation.swift */,
				3E8D148C225CAB63001C0AE6 /* UpdateContactAutomation.swift */,
			);
			path = Contacts;
			sourceTree = "<group>";
		};
		3E94724E22267C5C005D986E /* Threads */ = {
			isa = PBXGroup;
			children = (
				3EA5259722A27DD1004ABE11 /* AddAdminAutomation.swift */,
				3EEB0813227EA277009DA162 /* AddParticipantAutomation.swift */,
				3EBAFA782289975900D9F653 /* ClearHistoryAutomation.swift */,
				3E6295602225778D002DB51C /* CreateThreadAutomation.swift */,
				3ECC15752282F870003B8240 /* CreateThreadWithMessageAutomation.swift */,
				3E659B8C2299204C0042B03B /* GetAdminAutomation.swift */,
				3E1C3583225B600C001A343B /* GetHistoryAutomation.swift */,
				3ED3DA85222E748600261DB3 /* GetThreadAutomation.swift */,
				3EE1047D227D736000A4E645 /* GetThreadParticipantsAutomation.swift */,
				3E5EEDF82286C2FC0026DB58 /* LeaveThreadAutomation.swift */,
				3E5EEDFC2286C8A70026DB58 /* MuteThreadAutomation.swift */,
				3E5EEDFE2286CA870026DB58 /* UnmuteThreadAutomation.swift */,
				3E8E923D22A3FCE00037CD41 /* RemoveAdminAutomation.swift */,
				3E5EEE022286FD3F0026DB58 /* RemoveParticipantAutomation.swift */,
				3E5EEE002286F4630026DB58 /* SpamThreadAutomation.swift */,
			);
			path = Threads;
			sourceTree = "<group>";
		};
		3E94724F22267C6A005D986E /* Messages */ = {
			isa = PBXGroup;
			children = (
				3E8D148A225C7CFF001C0AE6 /* DeleteMessageAutomation.swift */,
				3E8D1488225C7AE2001C0AE6 /* EditMessageAutomation.swift */,
				3E8D1486225C595F001C0AE6 /* ForwardMessageAutomation.swift */,
				3EADF7CA228BCF53009B102C /* MessageDeliveryListAutomation.swift */,
				3EADF7CE228BD15E009B102C /* MessageSeenListAutomation.swift */,
				3E8D1482225C594C001C0AE6 /* ReplyMessageAutomation.swift */,
				3ED3DA87222E930600261DB3 /* SendTextMessageAutomation.swift */,
			);
			path = Messages;
			sourceTree = "<group>";
		};
		3E94725022267C78005D986E /* Maps */ = {
			isa = PBXGroup;
			children = (
			);
			path = Maps;
			sourceTree = "<group>";
		};
		3E94725122267CA5005D986E /* Files */ = {
			isa = PBXGroup;
			children = (
				3E2A62DB2287F60B002FB5D7 /* UploadFileAutomation.swift */,
				3E2A62E322880833002FB5D7 /* UploadImageAutomation.swift */,
			);
			path = Files;
			sourceTree = "<group>";
		};
		3EAE774622217AD4005AC3C3 = {
			isa = PBXGroup;
			children = (
				3EAE775122217AD4005AC3C3 /* ChatAutomationTestApp */,
				3EAE775022217AD4005AC3C3 /* Products */,
				3ED224FF229538AA00E51B42 /* Alamofire.xcodeproj */,
				3ED224F12295387000E51B42 /* FanapPodChatSDK.xcodeproj */,
				0CB402C4A12FF65E9126AFFF /* Pods */,
				00298887EFBDC7BD45FC467A /* Frameworks */,
			);
			sourceTree = "<group>";
		};
		3EAE775022217AD4005AC3C3 /* Products */ = {
			isa = PBXGroup;
			children = (
				3EAE774F22217AD4005AC3C3 /* ChatAutomationTestApp.app */,
			);
			name = Products;
			sourceTree = "<group>";
		};
		3EAE775122217AD4005AC3C3 /* ChatAutomationTestApp */ = {
			isa = PBXGroup;
			children = (
				3EAE775222217AD4005AC3C3 /* AppDelegate.swift */,
				3EAE775422217AD4005AC3C3 /* MyChatViewController.swift */,
				3E9725B22222925F0056AD4D /* ChatDelegates.swift */,
				3EEF6E9422A4F54C00B0B560 /* View */,
				3EEF6E9522A4F57900B0B560 /* Login */,
				3E94724C22267C1D005D986E /* Automation */,
				3EEF6E9322A4F52A00B0B560 /* Helpers */,
				3EAE775922217AD6005AC3C3 /* Assets.xcassets */,
				3EAE775B22217AD6005AC3C3 /* LaunchScreen.storyboard */,
				3EAE775E22217AD6005AC3C3 /* Info.plist */,
			);
			path = ChatAutomationTestApp;
			sourceTree = "<group>";
		};
		3ED224F22295387000E51B42 /* Products */ = {
			isa = PBXGroup;
			children = (
				3ED224FB2295387000E51B42 /* FanapPodChatSDK.framework */,
				3ED224FD2295387000E51B42 /* FanapPodChatSDKTests.xctest */,
			);
			name = Products;
			sourceTree = "<group>";
		};
		3ED22500229538AA00E51B42 /* Products */ = {
			isa = PBXGroup;
			children = (
				3ED2250B229538AA00E51B42 /* Alamofire.framework */,
				3ED2250D229538AA00E51B42 /* Alamofire iOS Tests.xctest */,
				3ED2250F229538AA00E51B42 /* Alamofire.framework */,
				3ED22511229538AA00E51B42 /* Alamofire macOS Tests.xctest */,
				3ED22513229538AA00E51B42 /* Alamofire.framework */,
				3ED22515229538AA00E51B42 /* Alamofire tvOS Tests.xctest */,
				3ED22517229538AA00E51B42 /* Alamofire.framework */,
			);
			name = Products;
			sourceTree = "<group>";
		};
		3EEF6E9322A4F52A00B0B560 /* Helpers */ = {
			isa = PBXGroup;
			children = (
				3E947248222674DF005D986E /* Faker.swift */,
				3EEB0819227EC7DD009DA162 /* Enums.swift */,
			);
			path = Helpers;
			sourceTree = "<group>";
		};
		3EEF6E9422A4F54C00B0B560 /* View */ = {
			isa = PBXGroup;
			children = (
				3E9725AE222292210056AD4D /* Views.swift */,
				3E9725B4222292C80056AD4D /* BaseCells.swift */,
			);
			path = View;
			sourceTree = "<group>";
		};
		3EEF6E9522A4F57900B0B560 /* Login */ = {
			isa = PBXGroup;
			children = (
				3EEB0817227EC7B2009DA162 /* LoginViewController.swift */,
				3EEB081B227EC98C009DA162 /* GetTokenWithRefreshToken.swift */,
			);
			path = Login;
			sourceTree = "<group>";
		};
/* End PBXGroup section */

/* Begin PBXNativeTarget section */
		3EAE774E22217AD4005AC3C3 /* ChatAutomationTestApp */ = {
			isa = PBXNativeTarget;
			buildConfigurationList = 3EAE776122217AD6005AC3C3 /* Build configuration list for PBXNativeTarget "ChatAutomationTestApp" */;
			buildPhases = (
				D77A6BC0A164C954575578AD /* [CP] Check Pods Manifest.lock */,
				3EAE774B22217AD4005AC3C3 /* Sources */,
				3EAE774C22217AD4005AC3C3 /* Frameworks */,
				3EAE774D22217AD4005AC3C3 /* Resources */,
			);
			buildRules = (
			);
			dependencies = (
			);
			name = ChatAutomationTestApp;
			productName = ChatAutomationTestApp;
			productReference = 3EAE774F22217AD4005AC3C3 /* ChatAutomationTestApp.app */;
			productType = "com.apple.product-type.application";
		};
/* End PBXNativeTarget section */

/* Begin PBXProject section */
		3EAE774722217AD4005AC3C3 /* Project object */ = {
			isa = PBXProject;
			attributes = {
				LastSwiftUpdateCheck = 1010;
				LastUpgradeCheck = 1010;
				ORGANIZATIONNAME = "Mahyar Zhiani";
				TargetAttributes = {
					3EAE774E22217AD4005AC3C3 = {
						CreatedOnToolsVersion = 10.1;
					};
				};
			};
			buildConfigurationList = 3EAE774A22217AD4005AC3C3 /* Build configuration list for PBXProject "ChatAutomationTestApp" */;
			compatibilityVersion = "Xcode 9.3";
			developmentRegion = en;
			hasScannedForEncodings = 0;
			knownRegions = (
				en,
				Base,
			);
			mainGroup = 3EAE774622217AD4005AC3C3;
			productRefGroup = 3EAE775022217AD4005AC3C3 /* Products */;
			projectDirPath = "";
			projectReferences = (
				{
					ProductGroup = 3ED22500229538AA00E51B42 /* Products */;
					ProjectRef = 3ED224FF229538AA00E51B42 /* Alamofire.xcodeproj */;
				},
				{
					ProductGroup = 3ED224F22295387000E51B42 /* Products */;
					ProjectRef = 3ED224F12295387000E51B42 /* FanapPodChatSDK.xcodeproj */;
				},
			);
			projectRoot = "";
			targets = (
				3EAE774E22217AD4005AC3C3 /* ChatAutomationTestApp */,
			);
		};
/* End PBXProject section */

/* Begin PBXReferenceProxy section */
		3ED224FB2295387000E51B42 /* FanapPodChatSDK.framework */ = {
			isa = PBXReferenceProxy;
			fileType = wrapper.framework;
			path = FanapPodChatSDK.framework;
			remoteRef = 3ED224FA2295387000E51B42 /* PBXContainerItemProxy */;
			sourceTree = BUILT_PRODUCTS_DIR;
		};
		3ED224FD2295387000E51B42 /* FanapPodChatSDKTests.xctest */ = {
			isa = PBXReferenceProxy;
			fileType = wrapper.cfbundle;
			path = FanapPodChatSDKTests.xctest;
			remoteRef = 3ED224FC2295387000E51B42 /* PBXContainerItemProxy */;
			sourceTree = BUILT_PRODUCTS_DIR;
		};
		3ED2250B229538AA00E51B42 /* Alamofire.framework */ = {
			isa = PBXReferenceProxy;
			fileType = wrapper.framework;
			path = Alamofire.framework;
			remoteRef = 3ED2250A229538AA00E51B42 /* PBXContainerItemProxy */;
			sourceTree = BUILT_PRODUCTS_DIR;
		};
		3ED2250D229538AA00E51B42 /* Alamofire iOS Tests.xctest */ = {
			isa = PBXReferenceProxy;
			fileType = wrapper.cfbundle;
			path = "Alamofire iOS Tests.xctest";
			remoteRef = 3ED2250C229538AA00E51B42 /* PBXContainerItemProxy */;
			sourceTree = BUILT_PRODUCTS_DIR;
		};
		3ED2250F229538AA00E51B42 /* Alamofire.framework */ = {
			isa = PBXReferenceProxy;
			fileType = wrapper.framework;
			path = Alamofire.framework;
			remoteRef = 3ED2250E229538AA00E51B42 /* PBXContainerItemProxy */;
			sourceTree = BUILT_PRODUCTS_DIR;
		};
		3ED22511229538AA00E51B42 /* Alamofire macOS Tests.xctest */ = {
			isa = PBXReferenceProxy;
			fileType = wrapper.cfbundle;
			path = "Alamofire macOS Tests.xctest";
			remoteRef = 3ED22510229538AA00E51B42 /* PBXContainerItemProxy */;
			sourceTree = BUILT_PRODUCTS_DIR;
		};
		3ED22513229538AA00E51B42 /* Alamofire.framework */ = {
			isa = PBXReferenceProxy;
			fileType = wrapper.framework;
			path = Alamofire.framework;
			remoteRef = 3ED22512229538AA00E51B42 /* PBXContainerItemProxy */;
			sourceTree = BUILT_PRODUCTS_DIR;
		};
		3ED22515229538AA00E51B42 /* Alamofire tvOS Tests.xctest */ = {
			isa = PBXReferenceProxy;
			fileType = wrapper.cfbundle;
			path = "Alamofire tvOS Tests.xctest";
			remoteRef = 3ED22514229538AA00E51B42 /* PBXContainerItemProxy */;
			sourceTree = BUILT_PRODUCTS_DIR;
		};
		3ED22517229538AA00E51B42 /* Alamofire.framework */ = {
			isa = PBXReferenceProxy;
			fileType = wrapper.framework;
			path = Alamofire.framework;
			remoteRef = 3ED22516229538AA00E51B42 /* PBXContainerItemProxy */;
			sourceTree = BUILT_PRODUCTS_DIR;
		};
/* End PBXReferenceProxy section */

/* Begin PBXResourcesBuildPhase section */
		3EAE774D22217AD4005AC3C3 /* Resources */ = {
			isa = PBXResourcesBuildPhase;
			buildActionMask = 2147483647;
			files = (
				3EAE775D22217AD6005AC3C3 /* LaunchScreen.storyboard in Resources */,
				3EAE775A22217AD6005AC3C3 /* Assets.xcassets in Resources */,
			);
			runOnlyForDeploymentPostprocessing = 0;
		};
/* End PBXResourcesBuildPhase section */

/* Begin PBXShellScriptBuildPhase section */
		D77A6BC0A164C954575578AD /* [CP] Check Pods Manifest.lock */ = {
			isa = PBXShellScriptBuildPhase;
			buildActionMask = 2147483647;
			files = (
			);
			inputFileListPaths = (
			);
			inputPaths = (
				"${PODS_PODFILE_DIR_PATH}/Podfile.lock",
				"${PODS_ROOT}/Manifest.lock",
			);
			name = "[CP] Check Pods Manifest.lock";
			outputFileListPaths = (
			);
			outputPaths = (
				"$(DERIVED_FILE_DIR)/Pods-ChatAutomationTestApp-checkManifestLockResult.txt",
			);
			runOnlyForDeploymentPostprocessing = 0;
			shellPath = /bin/sh;
			shellScript = "diff \"${PODS_PODFILE_DIR_PATH}/Podfile.lock\" \"${PODS_ROOT}/Manifest.lock\" > /dev/null\nif [ $? != 0 ] ; then\n    # print error to STDERR\n    echo \"error: The sandbox is not in sync with the Podfile.lock. Run 'pod install' or update your CocoaPods installation.\" >&2\n    exit 1\nfi\n# This output is used by Xcode 'outputs' to avoid re-running this script phase.\necho \"SUCCESS\" > \"${SCRIPT_OUTPUT_FILE_0}\"\n";
			showEnvVarsInLog = 0;
		};
/* End PBXShellScriptBuildPhase section */

/* Begin PBXSourcesBuildPhase section */
		3EAE774B22217AD4005AC3C3 /* Sources */ = {
			isa = PBXSourcesBuildPhase;
			buildActionMask = 2147483647;
			files = (
				3E9725B32222925F0056AD4D /* ChatDelegates.swift in Sources */,
				3E2A62E422880833002FB5D7 /* UploadImageAutomation.swift in Sources */,
				3E5EEDF92286C2FC0026DB58 /* LeaveThreadAutomation.swift in Sources */,
				3E62956B222577F1002DB51C /* RemoveContactAutomation.swift in Sources */,
				3E2A62DC2287F60B002FB5D7 /* UploadFileAutomation.swift in Sources */,
				3E5EEDFF2286CA870026DB58 /* UnmuteThreadAutomation.swift in Sources */,
				3EA5259822A27DD1004ABE11 /* AddAdminAutomation.swift in Sources */,
				3EEB081C227EC98C009DA162 /* GetTokenWithRefreshToken.swift in Sources */,
				3EEB081A227EC7DD009DA162 /* Enums.swift in Sources */,
				3EAE775522217AD4005AC3C3 /* MyChatViewController.swift in Sources */,
				3E8D1489225C7AE2001C0AE6 /* EditMessageAutomation.swift in Sources */,
				3E629569222577D9002DB51C /* AddContactAutomation.swift in Sources */,
				3E8D148B225C7CFF001C0AE6 /* DeleteMessageAutomation.swift in Sources */,
				3E6295612225778D002DB51C /* CreateThreadAutomation.swift in Sources */,
				3EAE775322217AD4005AC3C3 /* AppDelegate.swift in Sources */,
				3E8D1487225C595F001C0AE6 /* ForwardMessageAutomation.swift in Sources */,
				3ED3DA80222E5E9A00261DB3 /* GetBlockedListAutomation.swift in Sources */,
				3E629565222577B2002DB51C /* BlockAutomation.swift in Sources */,
				3E8D1483225C594C001C0AE6 /* ReplyMessageAutomation.swift in Sources */,
				3EEB0818227EC7B2009DA162 /* LoginViewController.swift in Sources */,
				3E8E923E22A3FCE00037CD41 /* RemoveAdminAutomation.swift in Sources */,
				3E1C3584225B600C001A343B /* GetHistoryAutomation.swift in Sources */,
				3E947249222674DF005D986E /* Faker.swift in Sources */,
				3EADF7CF228BD15E009B102C /* MessageSeenListAutomation.swift in Sources */,
				3ED3DA86222E748600261DB3 /* GetThreadAutomation.swift in Sources */,
				3EE1047E227D736000A4E645 /* GetThreadParticipantsAutomation.swift in Sources */,
				3E8D148D225CAB63001C0AE6 /* UpdateContactAutomation.swift in Sources */,
				3E9725B5222292C80056AD4D /* BaseCells.swift in Sources */,
				3E659B8D2299204C0042B03B /* GetAdminAutomation.swift in Sources */,
				3EEB0814227EA277009DA162 /* AddParticipantAutomation.swift in Sources */,
				3EADF7CB228BCF53009B102C /* MessageDeliveryListAutomation.swift in Sources */,
				3E5EEDFD2286C8A70026DB58 /* MuteThreadAutomation.swift in Sources */,
				3ED3DA84222E629D00261DB3 /* UnblockAutomation.swift in Sources */,
				3E5EEE032286FD3F0026DB58 /* RemoveParticipantAutomation.swift in Sources */,
				3E5EEDF52286B4210026DB58 /* SearchContactAutomation.swift in Sources */,
				3ED3DA88222E930600261DB3 /* SendTextMessageAutomation.swift in Sources */,
				3E629567222577CA002DB51C /* GetContactsAutomation.swift in Sources */,
				3ECC15762282F870003B8240 /* CreateThreadWithMessageAutomation.swift in Sources */,
				3EBAFA792289975900D9F653 /* ClearHistoryAutomation.swift in Sources */,
				3E9725AF222292210056AD4D /* Views.swift in Sources */,
				3E5EEE012286F4630026DB58 /* SpamThreadAutomation.swift in Sources */,
			);
			runOnlyForDeploymentPostprocessing = 0;
		};
/* End PBXSourcesBuildPhase section */

/* Begin PBXVariantGroup section */
		3EAE775B22217AD6005AC3C3 /* LaunchScreen.storyboard */ = {
			isa = PBXVariantGroup;
			children = (
				3EAE775C22217AD6005AC3C3 /* Base */,
			);
			name = LaunchScreen.storyboard;
			sourceTree = "<group>";
		};
/* End PBXVariantGroup section */

/* Begin XCBuildConfiguration section */
		3EAE775F22217AD6005AC3C3 /* Debug */ = {
			isa = XCBuildConfiguration;
			buildSettings = {
				ALWAYS_SEARCH_USER_PATHS = NO;
				CLANG_ANALYZER_NONNULL = YES;
				CLANG_ANALYZER_NUMBER_OBJECT_CONVERSION = YES_AGGRESSIVE;
				CLANG_CXX_LANGUAGE_STANDARD = "gnu++14";
				CLANG_CXX_LIBRARY = "libc++";
				CLANG_ENABLE_MODULES = YES;
				CLANG_ENABLE_OBJC_ARC = YES;
				CLANG_ENABLE_OBJC_WEAK = YES;
				CLANG_WARN_BLOCK_CAPTURE_AUTORELEASING = YES;
				CLANG_WARN_BOOL_CONVERSION = YES;
				CLANG_WARN_COMMA = YES;
				CLANG_WARN_CONSTANT_CONVERSION = YES;
				CLANG_WARN_DEPRECATED_OBJC_IMPLEMENTATIONS = YES;
				CLANG_WARN_DIRECT_OBJC_ISA_USAGE = YES_ERROR;
				CLANG_WARN_DOCUMENTATION_COMMENTS = YES;
				CLANG_WARN_EMPTY_BODY = YES;
				CLANG_WARN_ENUM_CONVERSION = YES;
				CLANG_WARN_INFINITE_RECURSION = YES;
				CLANG_WARN_INT_CONVERSION = YES;
				CLANG_WARN_NON_LITERAL_NULL_CONVERSION = YES;
				CLANG_WARN_OBJC_IMPLICIT_RETAIN_SELF = YES;
				CLANG_WARN_OBJC_LITERAL_CONVERSION = YES;
				CLANG_WARN_OBJC_ROOT_CLASS = YES_ERROR;
				CLANG_WARN_RANGE_LOOP_ANALYSIS = YES;
				CLANG_WARN_STRICT_PROTOTYPES = YES;
				CLANG_WARN_SUSPICIOUS_MOVE = YES;
				CLANG_WARN_UNGUARDED_AVAILABILITY = YES_AGGRESSIVE;
				CLANG_WARN_UNREACHABLE_CODE = YES;
				CLANG_WARN__DUPLICATE_METHOD_MATCH = YES;
				CODE_SIGN_IDENTITY = "iPhone Developer";
				COPY_PHASE_STRIP = NO;
				DEBUG_INFORMATION_FORMAT = dwarf;
				ENABLE_STRICT_OBJC_MSGSEND = YES;
				ENABLE_TESTABILITY = YES;
				GCC_C_LANGUAGE_STANDARD = gnu11;
				GCC_DYNAMIC_NO_PIC = NO;
				GCC_NO_COMMON_BLOCKS = YES;
				GCC_OPTIMIZATION_LEVEL = 0;
				GCC_PREPROCESSOR_DEFINITIONS = (
					"DEBUG=1",
					"$(inherited)",
				);
				GCC_WARN_64_TO_32_BIT_CONVERSION = YES;
				GCC_WARN_ABOUT_RETURN_TYPE = YES_ERROR;
				GCC_WARN_UNDECLARED_SELECTOR = YES;
				GCC_WARN_UNINITIALIZED_AUTOS = YES_AGGRESSIVE;
				GCC_WARN_UNUSED_FUNCTION = YES;
				GCC_WARN_UNUSED_VARIABLE = YES;
				IPHONEOS_DEPLOYMENT_TARGET = 12.1;
				MTL_ENABLE_DEBUG_INFO = INCLUDE_SOURCE;
				MTL_FAST_MATH = YES;
				ONLY_ACTIVE_ARCH = YES;
				SDKROOT = iphoneos;
				SWIFT_ACTIVE_COMPILATION_CONDITIONS = DEBUG;
				SWIFT_OPTIMIZATION_LEVEL = "-Onone";
			};
			name = Debug;
		};
		3EAE776022217AD6005AC3C3 /* Release */ = {
			isa = XCBuildConfiguration;
			buildSettings = {
				ALWAYS_SEARCH_USER_PATHS = NO;
				CLANG_ANALYZER_NONNULL = YES;
				CLANG_ANALYZER_NUMBER_OBJECT_CONVERSION = YES_AGGRESSIVE;
				CLANG_CXX_LANGUAGE_STANDARD = "gnu++14";
				CLANG_CXX_LIBRARY = "libc++";
				CLANG_ENABLE_MODULES = YES;
				CLANG_ENABLE_OBJC_ARC = YES;
				CLANG_ENABLE_OBJC_WEAK = YES;
				CLANG_WARN_BLOCK_CAPTURE_AUTORELEASING = YES;
				CLANG_WARN_BOOL_CONVERSION = YES;
				CLANG_WARN_COMMA = YES;
				CLANG_WARN_CONSTANT_CONVERSION = YES;
				CLANG_WARN_DEPRECATED_OBJC_IMPLEMENTATIONS = YES;
				CLANG_WARN_DIRECT_OBJC_ISA_USAGE = YES_ERROR;
				CLANG_WARN_DOCUMENTATION_COMMENTS = YES;
				CLANG_WARN_EMPTY_BODY = YES;
				CLANG_WARN_ENUM_CONVERSION = YES;
				CLANG_WARN_INFINITE_RECURSION = YES;
				CLANG_WARN_INT_CONVERSION = YES;
				CLANG_WARN_NON_LITERAL_NULL_CONVERSION = YES;
				CLANG_WARN_OBJC_IMPLICIT_RETAIN_SELF = YES;
				CLANG_WARN_OBJC_LITERAL_CONVERSION = YES;
				CLANG_WARN_OBJC_ROOT_CLASS = YES_ERROR;
				CLANG_WARN_RANGE_LOOP_ANALYSIS = YES;
				CLANG_WARN_STRICT_PROTOTYPES = YES;
				CLANG_WARN_SUSPICIOUS_MOVE = YES;
				CLANG_WARN_UNGUARDED_AVAILABILITY = YES_AGGRESSIVE;
				CLANG_WARN_UNREACHABLE_CODE = YES;
				CLANG_WARN__DUPLICATE_METHOD_MATCH = YES;
				CODE_SIGN_IDENTITY = "iPhone Developer";
				COPY_PHASE_STRIP = NO;
				DEBUG_INFORMATION_FORMAT = "dwarf-with-dsym";
				ENABLE_NS_ASSERTIONS = NO;
				ENABLE_STRICT_OBJC_MSGSEND = YES;
				GCC_C_LANGUAGE_STANDARD = gnu11;
				GCC_NO_COMMON_BLOCKS = YES;
				GCC_WARN_64_TO_32_BIT_CONVERSION = YES;
				GCC_WARN_ABOUT_RETURN_TYPE = YES_ERROR;
				GCC_WARN_UNDECLARED_SELECTOR = YES;
				GCC_WARN_UNINITIALIZED_AUTOS = YES_AGGRESSIVE;
				GCC_WARN_UNUSED_FUNCTION = YES;
				GCC_WARN_UNUSED_VARIABLE = YES;
				IPHONEOS_DEPLOYMENT_TARGET = 12.1;
				MTL_ENABLE_DEBUG_INFO = NO;
				MTL_FAST_MATH = YES;
				SDKROOT = iphoneos;
				SWIFT_COMPILATION_MODE = wholemodule;
				SWIFT_OPTIMIZATION_LEVEL = "-O";
				VALIDATE_PRODUCT = YES;
			};
			name = Release;
		};
		3EAE776222217AD6005AC3C3 /* Debug */ = {
			isa = XCBuildConfiguration;
			baseConfigurationReference = 7D9B1DE72E26A1CC32E80BE1 /* Pods-ChatAutomationTestApp.debug.xcconfig */;
			buildSettings = {
				ASSETCATALOG_COMPILER_APPICON_NAME = AppIcon;
				CODE_SIGN_IDENTITY = "iPhone Distribution";
				CODE_SIGN_INJECT_BASE_ENTITLEMENTS = YES;
				CODE_SIGN_STYLE = Manual;
				DEVELOPMENT_TEAM = 87Y6C8NVU7;
				INFOPLIST_FILE = ChatAutomationTestApp/Info.plist;
				IPHONEOS_DEPLOYMENT_TARGET = 11.2;
				LD_RUNPATH_SEARCH_PATHS = (
					"$(inherited)",
					"@executable_path/Frameworks",
				);
				PRODUCT_BUNDLE_IDENTIFIER = com.fanapSoft.ChatAutomationTestApplications;
				PRODUCT_NAME = "$(TARGET_NAME)";
				PROVISIONING_PROFILE_SPECIFIER = PodSpace.Wildcard.AdHoc;
				SWIFT_VERSION = 4.2;
				TARGETED_DEVICE_FAMILY = "1,2";
				VALIDATE_PRODUCT = NO;
			};
			name = Debug;
		};
		3EAE776322217AD6005AC3C3 /* Release */ = {
			isa = XCBuildConfiguration;
			baseConfigurationReference = E9522879ADCFD8CDE9A5ED37 /* Pods-ChatAutomationTestApp.release.xcconfig */;
			buildSettings = {
				ASSETCATALOG_COMPILER_APPICON_NAME = AppIcon;
				CODE_SIGN_IDENTITY = "iPhone Distribution";
				CODE_SIGN_INJECT_BASE_ENTITLEMENTS = YES;
				CODE_SIGN_STYLE = Manual;
				DEVELOPMENT_TEAM = 87Y6C8NVU7;
				INFOPLIST_FILE = ChatAutomationTestApp/Info.plist;
				IPHONEOS_DEPLOYMENT_TARGET = 11.2;
				LD_RUNPATH_SEARCH_PATHS = (
					"$(inherited)",
					"@executable_path/Frameworks",
				);
				PRODUCT_BUNDLE_IDENTIFIER = com.fanapSoft.ChatAutomationTestApplications;
				PRODUCT_NAME = "$(TARGET_NAME)";
				PROVISIONING_PROFILE_SPECIFIER = PodSpace.Wildcard.AdHoc;
				SWIFT_VERSION = 4.2;
				TARGETED_DEVICE_FAMILY = "1,2";
				VALIDATE_PRODUCT = NO;
			};
			name = Release;
		};
/* End XCBuildConfiguration section */

/* Begin XCConfigurationList section */
		3EAE774A22217AD4005AC3C3 /* Build configuration list for PBXProject "ChatAutomationTestApp" */ = {
			isa = XCConfigurationList;
			buildConfigurations = (
				3EAE775F22217AD6005AC3C3 /* Debug */,
				3EAE776022217AD6005AC3C3 /* Release */,
			);
			defaultConfigurationIsVisible = 0;
			defaultConfigurationName = Release;
		};
		3EAE776122217AD6005AC3C3 /* Build configuration list for PBXNativeTarget "ChatAutomationTestApp" */ = {
			isa = XCConfigurationList;
			buildConfigurations = (
				3EAE776222217AD6005AC3C3 /* Debug */,
				3EAE776322217AD6005AC3C3 /* Release */,
			);
			defaultConfigurationIsVisible = 0;
			defaultConfigurationName = Release;
		};
/* End XCConfigurationList section */
	};
	rootObject = 3EAE774722217AD4005AC3C3 /* Project object */;
}
